// !$*UTF8*$!
{
	archiveVersion = 1;
	classes = {
	};
	objectVersion = 46;
	objects = {

/* Begin PBXBuildFile section */
		41D633E739A10D380A0A261F /* Pods_WaterBottleExtension.framework in Frameworks */ = {isa = PBXBuildFile; fileRef = 838106BB1769E489B3EE3E1C /* Pods_WaterBottleExtension.framework */; };
		C37CA46603CFBD92C708FF25 /* Pods_ProjectWaterBottle.framework in Frameworks */ = {isa = PBXBuildFile; fileRef = 9FEEE76874FA56D4B5013B27 /* Pods_ProjectWaterBottle.framework */; };
		C90442DA1DA4369300FFA32B /* Word.swift in Sources */ = {isa = PBXBuildFile; fileRef = C90442D91DA4369300FFA32B /* Word.swift */; };
		C90442DC1DA4376B00FFA32B /* Japanese.swift in Sources */ = {isa = PBXBuildFile; fileRef = C90442DB1DA4376B00FFA32B /* Japanese.swift */; };
		C90442E01DA43D1300FFA32B /* JapaneseWord.swift in Sources */ = {isa = PBXBuildFile; fileRef = C90442DF1DA43D1300FFA32B /* JapaneseWord.swift */; };
		C94A59731DC0539F00695639 /* Jellybean.framework in Frameworks */ = {isa = PBXBuildFile; fileRef = C94A59701DC0535100695639 /* Jellybean.framework */; };
		C94A59771DC060A000695639 /* Constants.swift in Sources */ = {isa = PBXBuildFile; fileRef = C94A59761DC060A000695639 /* Constants.swift */; };
		C94A597A1DC135B500695639 /* CardDataStore.swift in Sources */ = {isa = PBXBuildFile; fileRef = C94A59791DC135B500695639 /* CardDataStore.swift */; };
		C96C661A1DC2EA8F005C086C /* Extensions.swift in Sources */ = {isa = PBXBuildFile; fileRef = C96C66191DC2EA8F005C086C /* Extensions.swift */; };
		C9878B121DC439A50049633C /* Jellybean.framework in Frameworks */ = {isa = PBXBuildFile; fileRef = C94A59701DC0535100695639 /* Jellybean.framework */; };
		C9878B131DC439A50049633C /* Jellybean.framework in Embed Frameworks */ = {isa = PBXBuildFile; fileRef = C94A59701DC0535100695639 /* Jellybean.framework */; settings = {ATTRIBUTES = (CodeSignOnCopy, RemoveHeadersOnCopy, ); }; };
		C98B7EE21DACA8B50041660C /* Secrets.swift in Sources */ = {isa = PBXBuildFile; fileRef = C98B7EE11DACA8B50041660C /* Secrets.swift */; };
		C9987C331DA065300087BB4C /* ActionViewController.swift in Sources */ = {isa = PBXBuildFile; fileRef = C9987C321DA065300087BB4C /* ActionViewController.swift */; };
		C9987C361DA065300087BB4C /* MainInterface.storyboard in Resources */ = {isa = PBXBuildFile; fileRef = C9987C341DA065300087BB4C /* MainInterface.storyboard */; };
		C9987C3A1DA065300087BB4C /* WaterBottleExtension.appex in Embed App Extensions */ = {isa = PBXBuildFile; fileRef = C9987C301DA065300087BB4C /* WaterBottleExtension.appex */; settings = {ATTRIBUTES = (RemoveHeadersOnCopy, ); }; };
		C9987C7D1DA0B4570087BB4C /* WaterBottleCard.h in Headers */ = {isa = PBXBuildFile; fileRef = C9987C6D1DA0B4570087BB4C /* WaterBottleCard.h */; settings = {ATTRIBUTES = (Public, ); }; };
		C9987C801DA0B4570087BB4C /* WaterBottleCard.framework in Frameworks */ = {isa = PBXBuildFile; fileRef = C9987C6B1DA0B4570087BB4C /* WaterBottleCard.framework */; };
		C9987C811DA0B4570087BB4C /* WaterBottleCard.framework in Embed Frameworks */ = {isa = PBXBuildFile; fileRef = C9987C6B1DA0B4570087BB4C /* WaterBottleCard.framework */; settings = {ATTRIBUTES = (CodeSignOnCopy, RemoveHeadersOnCopy, ); }; };
		C9987C891DA0B5840087BB4C /* WaterBottleCard.framework in Frameworks */ = {isa = PBXBuildFile; fileRef = C9987C6B1DA0B4570087BB4C /* WaterBottleCard.framework */; };
		C9B0C22C1DA0B6DE002019D2 /* CardEditorViewController.swift in Sources */ = {isa = PBXBuildFile; fileRef = C9987C611DA078D30087BB4C /* CardEditorViewController.swift */; };
		C9B0C22D1DA0B6E3002019D2 /* CardModel.swift in Sources */ = {isa = PBXBuildFile; fileRef = C9987C631DA07BB30087BB4C /* CardModel.swift */; };
		C9CFFEB31DA057E6005BBECC /* AppDelegate.swift in Sources */ = {isa = PBXBuildFile; fileRef = C9CFFEB21DA057E6005BBECC /* AppDelegate.swift */; };
		C9CFFEB51DA057E6005BBECC /* ViewController.swift in Sources */ = {isa = PBXBuildFile; fileRef = C9CFFEB41DA057E6005BBECC /* ViewController.swift */; };
		C9CFFEB81DA057E6005BBECC /* Main.storyboard in Resources */ = {isa = PBXBuildFile; fileRef = C9CFFEB61DA057E6005BBECC /* Main.storyboard */; };
		C9CFFEBA1DA057E6005BBECC /* Assets.xcassets in Resources */ = {isa = PBXBuildFile; fileRef = C9CFFEB91DA057E6005BBECC /* Assets.xcassets */; };
		C9CFFEBD1DA057E6005BBECC /* LaunchScreen.storyboard in Resources */ = {isa = PBXBuildFile; fileRef = C9CFFEBB1DA057E6005BBECC /* LaunchScreen.storyboard */; };
		D1F17F5725097F16013BFBBD /* Pods_WaterBottleCard.framework in Frameworks */ = {isa = PBXBuildFile; fileRef = 7F381B1076C87193B25BAB0F /* Pods_WaterBottleCard.framework */; };
/* End PBXBuildFile section */

/* Begin PBXContainerItemProxy section */
		C94A596F1DC0535100695639 /* PBXContainerItemProxy */ = {
			isa = PBXContainerItemProxy;
			containerPortal = C94A596A1DC0535100695639 /* Jellybean.xcodeproj */;
			proxyType = 2;
			remoteGlobalIDString = C94A594E1DC052F300695639;
			remoteInfo = Jellybean;
		};
		C94A59711DC0535100695639 /* PBXContainerItemProxy */ = {
			isa = PBXContainerItemProxy;
			containerPortal = C94A596A1DC0535100695639 /* Jellybean.xcodeproj */;
			proxyType = 2;
			remoteGlobalIDString = C94A59571DC052F400695639;
			remoteInfo = JellybeanTests;
		};
		C9878B141DC439A50049633C /* PBXContainerItemProxy */ = {
			isa = PBXContainerItemProxy;
			containerPortal = C94A596A1DC0535100695639 /* Jellybean.xcodeproj */;
			proxyType = 1;
			remoteGlobalIDString = C94A594D1DC052F300695639;
			remoteInfo = Jellybean;
		};
		C9987C381DA065300087BB4C /* PBXContainerItemProxy */ = {
			isa = PBXContainerItemProxy;
			containerPortal = C9CFFEA71DA057E6005BBECC /* Project object */;
			proxyType = 1;
			remoteGlobalIDString = C9987C2F1DA065300087BB4C;
			remoteInfo = WaterBottleExtension;
		};
		C9987C7E1DA0B4570087BB4C /* PBXContainerItemProxy */ = {
			isa = PBXContainerItemProxy;
			containerPortal = C9CFFEA71DA057E6005BBECC /* Project object */;
			proxyType = 1;
			remoteGlobalIDString = C9987C6A1DA0B4570087BB4C;
			remoteInfo = WaterBottleCard;
		};
/* End PBXContainerItemProxy section */

/* Begin PBXCopyFilesBuildPhase section */
		C9987C5D1DA078520087BB4C /* Embed Frameworks */ = {
			isa = PBXCopyFilesBuildPhase;
			buildActionMask = 2147483647;
			dstPath = "";
			dstSubfolderSpec = 10;
			files = (
				C9987C811DA0B4570087BB4C /* WaterBottleCard.framework in Embed Frameworks */,
				C9878B131DC439A50049633C /* Jellybean.framework in Embed Frameworks */,
			);
			name = "Embed Frameworks";
			runOnlyForDeploymentPostprocessing = 0;
		};
		C9CFFEF21DA05CCF005BBECC /* Embed App Extensions */ = {
			isa = PBXCopyFilesBuildPhase;
			buildActionMask = 2147483647;
			dstPath = "";
			dstSubfolderSpec = 13;
			files = (
				C9987C3A1DA065300087BB4C /* WaterBottleExtension.appex in Embed App Extensions */,
			);
			name = "Embed App Extensions";
			runOnlyForDeploymentPostprocessing = 0;
		};
/* End PBXCopyFilesBuildPhase section */

/* Begin PBXFileReference section */
		34004747682BDF65AFB2E957 /* Pods-WaterBottleCardTests.debug.xcconfig */ = {isa = PBXFileReference; includeInIndex = 1; lastKnownFileType = text.xcconfig; name = "Pods-WaterBottleCardTests.debug.xcconfig"; path = "Pods/Target Support Files/Pods-WaterBottleCardTests/Pods-WaterBottleCardTests.debug.xcconfig"; sourceTree = "<group>"; };
		3E3BD682B7912DC51BD53BC8 /* Pods-ProjectWaterBottleTests.debug.xcconfig */ = {isa = PBXFileReference; includeInIndex = 1; lastKnownFileType = text.xcconfig; name = "Pods-ProjectWaterBottleTests.debug.xcconfig"; path = "Pods/Target Support Files/Pods-ProjectWaterBottleTests/Pods-ProjectWaterBottleTests.debug.xcconfig"; sourceTree = "<group>"; };
		4E2DC5C6C670E585C74B9B31 /* Pods-WaterBottleExtension.debug.xcconfig */ = {isa = PBXFileReference; includeInIndex = 1; lastKnownFileType = text.xcconfig; name = "Pods-WaterBottleExtension.debug.xcconfig"; path = "Pods/Target Support Files/Pods-WaterBottleExtension/Pods-WaterBottleExtension.debug.xcconfig"; sourceTree = "<group>"; };
		580FFCF54C526D196E4AE5D5 /* Pods_WaterBottleCardTests.framework */ = {isa = PBXFileReference; explicitFileType = wrapper.framework; includeInIndex = 0; path = Pods_WaterBottleCardTests.framework; sourceTree = BUILT_PRODUCTS_DIR; };
		637F396FD9440923A714A865 /* Pods-ProjectWaterBottle.debug.xcconfig */ = {isa = PBXFileReference; includeInIndex = 1; lastKnownFileType = text.xcconfig; name = "Pods-ProjectWaterBottle.debug.xcconfig"; path = "Pods/Target Support Files/Pods-ProjectWaterBottle/Pods-ProjectWaterBottle.debug.xcconfig"; sourceTree = "<group>"; };
		6D93C8253CB3872879389304 /* Pods-WaterBottleCard.debug.xcconfig */ = {isa = PBXFileReference; includeInIndex = 1; lastKnownFileType = text.xcconfig; name = "Pods-WaterBottleCard.debug.xcconfig"; path = "Pods/Target Support Files/Pods-WaterBottleCard/Pods-WaterBottleCard.debug.xcconfig"; sourceTree = "<group>"; };
		778F11632739C07C9F22764A /* Pods-ProjectWaterBottle.release.xcconfig */ = {isa = PBXFileReference; includeInIndex = 1; lastKnownFileType = text.xcconfig; name = "Pods-ProjectWaterBottle.release.xcconfig"; path = "Pods/Target Support Files/Pods-ProjectWaterBottle/Pods-ProjectWaterBottle.release.xcconfig"; sourceTree = "<group>"; };
		793F96C95FBD63666F3BF28C /* Pods_ProjectWaterBottleUITests.framework */ = {isa = PBXFileReference; explicitFileType = wrapper.framework; includeInIndex = 0; path = Pods_ProjectWaterBottleUITests.framework; sourceTree = BUILT_PRODUCTS_DIR; };
		7F381B1076C87193B25BAB0F /* Pods_WaterBottleCard.framework */ = {isa = PBXFileReference; explicitFileType = wrapper.framework; includeInIndex = 0; path = Pods_WaterBottleCard.framework; sourceTree = BUILT_PRODUCTS_DIR; };
		7F644FE841467C7BED233C2B /* Pods-WaterBottleCardTests.release.xcconfig */ = {isa = PBXFileReference; includeInIndex = 1; lastKnownFileType = text.xcconfig; name = "Pods-WaterBottleCardTests.release.xcconfig"; path = "Pods/Target Support Files/Pods-WaterBottleCardTests/Pods-WaterBottleCardTests.release.xcconfig"; sourceTree = "<group>"; };
		826E2F3E086FC051FCA57955 /* Pods_ProjectWaterBottleTests.framework */ = {isa = PBXFileReference; explicitFileType = wrapper.framework; includeInIndex = 0; path = Pods_ProjectWaterBottleTests.framework; sourceTree = BUILT_PRODUCTS_DIR; };
		838106BB1769E489B3EE3E1C /* Pods_WaterBottleExtension.framework */ = {isa = PBXFileReference; explicitFileType = wrapper.framework; includeInIndex = 0; path = Pods_WaterBottleExtension.framework; sourceTree = BUILT_PRODUCTS_DIR; };
		9FEEE76874FA56D4B5013B27 /* Pods_ProjectWaterBottle.framework */ = {isa = PBXFileReference; explicitFileType = wrapper.framework; includeInIndex = 0; path = Pods_ProjectWaterBottle.framework; sourceTree = BUILT_PRODUCTS_DIR; };
		A0CD9B6F508D6A4E395AF2C7 /* Pods-ProjectWaterBottleUITests.debug.xcconfig */ = {isa = PBXFileReference; includeInIndex = 1; lastKnownFileType = text.xcconfig; name = "Pods-ProjectWaterBottleUITests.debug.xcconfig"; path = "Pods/Target Support Files/Pods-ProjectWaterBottleUITests/Pods-ProjectWaterBottleUITests.debug.xcconfig"; sourceTree = "<group>"; };
		A84721137D70CA40550C4483 /* Pods-ProjectWaterBottleUITests.release.xcconfig */ = {isa = PBXFileReference; includeInIndex = 1; lastKnownFileType = text.xcconfig; name = "Pods-ProjectWaterBottleUITests.release.xcconfig"; path = "Pods/Target Support Files/Pods-ProjectWaterBottleUITests/Pods-ProjectWaterBottleUITests.release.xcconfig"; sourceTree = "<group>"; };
		AD482E5A60232485B5F69FCE /* Pods-ProjectWaterBottleTests.release.xcconfig */ = {isa = PBXFileReference; includeInIndex = 1; lastKnownFileType = text.xcconfig; name = "Pods-ProjectWaterBottleTests.release.xcconfig"; path = "Pods/Target Support Files/Pods-ProjectWaterBottleTests/Pods-ProjectWaterBottleTests.release.xcconfig"; sourceTree = "<group>"; };
		B4A00CD862E02F218E497954 /* Pods-WaterBottleExtension.release.xcconfig */ = {isa = PBXFileReference; includeInIndex = 1; lastKnownFileType = text.xcconfig; name = "Pods-WaterBottleExtension.release.xcconfig"; path = "Pods/Target Support Files/Pods-WaterBottleExtension/Pods-WaterBottleExtension.release.xcconfig"; sourceTree = "<group>"; };
		C90442D91DA4369300FFA32B /* Word.swift */ = {isa = PBXFileReference; fileEncoding = 4; lastKnownFileType = sourcecode.swift; path = Word.swift; sourceTree = "<group>"; };
		C90442DB1DA4376B00FFA32B /* Japanese.swift */ = {isa = PBXFileReference; fileEncoding = 4; lastKnownFileType = sourcecode.swift; path = Japanese.swift; sourceTree = "<group>"; };
		C90442DF1DA43D1300FFA32B /* JapaneseWord.swift */ = {isa = PBXFileReference; fileEncoding = 4; lastKnownFileType = sourcecode.swift; path = JapaneseWord.swift; sourceTree = "<group>"; };
		C94A596A1DC0535100695639 /* Jellybean.xcodeproj */ = {isa = PBXFileReference; lastKnownFileType = "wrapper.pb-project"; name = Jellybean.xcodeproj; path = ../Jellybean/Jellybean.xcodeproj; sourceTree = "<group>"; };
		C94A59761DC060A000695639 /* Constants.swift */ = {isa = PBXFileReference; fileEncoding = 4; lastKnownFileType = sourcecode.swift; path = Constants.swift; sourceTree = "<group>"; };
		C94A59791DC135B500695639 /* CardDataStore.swift */ = {isa = PBXFileReference; fileEncoding = 4; lastKnownFileType = sourcecode.swift; path = CardDataStore.swift; sourceTree = "<group>"; };
		C96C66191DC2EA8F005C086C /* Extensions.swift */ = {isa = PBXFileReference; fileEncoding = 4; lastKnownFileType = sourcecode.swift; path = Extensions.swift; sourceTree = "<group>"; };
		C98B7EDF1DACA7C80041660C /* ProjectWaterBottle.entitlements */ = {isa = PBXFileReference; lastKnownFileType = text.plist.entitlements; path = ProjectWaterBottle.entitlements; sourceTree = "<group>"; };
		C98B7EE01DACA7E90041660C /* WaterBottleExtension.entitlements */ = {isa = PBXFileReference; lastKnownFileType = text.plist.entitlements; path = WaterBottleExtension.entitlements; sourceTree = "<group>"; };
		C98B7EE11DACA8B50041660C /* Secrets.swift */ = {isa = PBXFileReference; fileEncoding = 4; lastKnownFileType = sourcecode.swift; path = Secrets.swift; sourceTree = "<group>"; };
		C9987C301DA065300087BB4C /* WaterBottleExtension.appex */ = {isa = PBXFileReference; explicitFileType = "wrapper.app-extension"; includeInIndex = 0; path = WaterBottleExtension.appex; sourceTree = BUILT_PRODUCTS_DIR; };
		C9987C321DA065300087BB4C /* ActionViewController.swift */ = {isa = PBXFileReference; lastKnownFileType = sourcecode.swift; path = ActionViewController.swift; sourceTree = "<group>"; };
		C9987C351DA065300087BB4C /* Base */ = {isa = PBXFileReference; lastKnownFileType = file.storyboard; name = Base; path = Base.lproj/MainInterface.storyboard; sourceTree = "<group>"; };
		C9987C371DA065300087BB4C /* Info.plist */ = {isa = PBXFileReference; lastKnownFileType = text.plist.xml; path = Info.plist; sourceTree = "<group>"; };
		C9987C611DA078D30087BB4C /* CardEditorViewController.swift */ = {isa = PBXFileReference; fileEncoding = 4; lastKnownFileType = sourcecode.swift; name = CardEditorViewController.swift; path = ../WaterBottleFramework/CardEditorViewController.swift; sourceTree = "<group>"; };
		C9987C631DA07BB30087BB4C /* CardModel.swift */ = {isa = PBXFileReference; fileEncoding = 4; lastKnownFileType = sourcecode.swift; name = CardModel.swift; path = ../WaterBottleFramework/CardModel.swift; sourceTree = "<group>"; };
		C9987C6B1DA0B4570087BB4C /* WaterBottleCard.framework */ = {isa = PBXFileReference; explicitFileType = wrapper.framework; includeInIndex = 0; path = WaterBottleCard.framework; sourceTree = BUILT_PRODUCTS_DIR; };
		C9987C6D1DA0B4570087BB4C /* WaterBottleCard.h */ = {isa = PBXFileReference; lastKnownFileType = sourcecode.c.h; path = WaterBottleCard.h; sourceTree = "<group>"; };
		C9987C6E1DA0B4570087BB4C /* Info.plist */ = {isa = PBXFileReference; lastKnownFileType = text.plist.xml; path = Info.plist; sourceTree = "<group>"; };
		C9CFFEAF1DA057E6005BBECC /* ProjectWaterBottle.app */ = {isa = PBXFileReference; explicitFileType = wrapper.application; includeInIndex = 0; path = ProjectWaterBottle.app; sourceTree = BUILT_PRODUCTS_DIR; };
		C9CFFEB21DA057E6005BBECC /* AppDelegate.swift */ = {isa = PBXFileReference; lastKnownFileType = sourcecode.swift; path = AppDelegate.swift; sourceTree = "<group>"; };
		C9CFFEB41DA057E6005BBECC /* ViewController.swift */ = {isa = PBXFileReference; lastKnownFileType = sourcecode.swift; path = ViewController.swift; sourceTree = "<group>"; };
		C9CFFEB71DA057E6005BBECC /* Base */ = {isa = PBXFileReference; lastKnownFileType = file.storyboard; name = Base; path = Base.lproj/Main.storyboard; sourceTree = "<group>"; };
		C9CFFEB91DA057E6005BBECC /* Assets.xcassets */ = {isa = PBXFileReference; lastKnownFileType = folder.assetcatalog; path = Assets.xcassets; sourceTree = "<group>"; };
		C9CFFEBC1DA057E6005BBECC /* Base */ = {isa = PBXFileReference; lastKnownFileType = file.storyboard; name = Base; path = Base.lproj/LaunchScreen.storyboard; sourceTree = "<group>"; };
		C9CFFEBE1DA057E6005BBECC /* Info.plist */ = {isa = PBXFileReference; lastKnownFileType = text.plist.xml; path = Info.plist; sourceTree = "<group>"; };
		FA21E0555995B7E800470CBF /* Pods-WaterBottleCard.release.xcconfig */ = {isa = PBXFileReference; includeInIndex = 1; lastKnownFileType = text.xcconfig; name = "Pods-WaterBottleCard.release.xcconfig"; path = "Pods/Target Support Files/Pods-WaterBottleCard/Pods-WaterBottleCard.release.xcconfig"; sourceTree = "<group>"; };
/* End PBXFileReference section */

/* Begin PBXFrameworksBuildPhase section */
		C9987C2D1DA065300087BB4C /* Frameworks */ = {
			isa = PBXFrameworksBuildPhase;
			buildActionMask = 2147483647;
			files = (
				C9987C891DA0B5840087BB4C /* WaterBottleCard.framework in Frameworks */,
				41D633E739A10D380A0A261F /* Pods_WaterBottleExtension.framework in Frameworks */,
			);
			runOnlyForDeploymentPostprocessing = 0;
		};
		C9987C671DA0B4570087BB4C /* Frameworks */ = {
			isa = PBXFrameworksBuildPhase;
			buildActionMask = 2147483647;
			files = (
				C94A59731DC0539F00695639 /* Jellybean.framework in Frameworks */,
				D1F17F5725097F16013BFBBD /* Pods_WaterBottleCard.framework in Frameworks */,
			);
			runOnlyForDeploymentPostprocessing = 0;
		};
		C9CFFEAC1DA057E6005BBECC /* Frameworks */ = {
			isa = PBXFrameworksBuildPhase;
			buildActionMask = 2147483647;
			files = (
				C9987C801DA0B4570087BB4C /* WaterBottleCard.framework in Frameworks */,
				C37CA46603CFBD92C708FF25 /* Pods_ProjectWaterBottle.framework in Frameworks */,
				C9878B121DC439A50049633C /* Jellybean.framework in Frameworks */,
			);
			runOnlyForDeploymentPostprocessing = 0;
		};
/* End PBXFrameworksBuildPhase section */

/* Begin PBXGroup section */
		1BAB8BC768E08AA3522E72BC /* Frameworks */ = {
			isa = PBXGroup;
			children = (
				9FEEE76874FA56D4B5013B27 /* Pods_ProjectWaterBottle.framework */,
				826E2F3E086FC051FCA57955 /* Pods_ProjectWaterBottleTests.framework */,
				793F96C95FBD63666F3BF28C /* Pods_ProjectWaterBottleUITests.framework */,
				7F381B1076C87193B25BAB0F /* Pods_WaterBottleCard.framework */,
				580FFCF54C526D196E4AE5D5 /* Pods_WaterBottleCardTests.framework */,
				838106BB1769E489B3EE3E1C /* Pods_WaterBottleExtension.framework */,
			);
			name = Frameworks;
			sourceTree = "<group>";
		};
		1BF1142786E5264C4D16C83D /* Pods */ = {
			isa = PBXGroup;
			children = (
				637F396FD9440923A714A865 /* Pods-ProjectWaterBottle.debug.xcconfig */,
				778F11632739C07C9F22764A /* Pods-ProjectWaterBottle.release.xcconfig */,
				3E3BD682B7912DC51BD53BC8 /* Pods-ProjectWaterBottleTests.debug.xcconfig */,
				AD482E5A60232485B5F69FCE /* Pods-ProjectWaterBottleTests.release.xcconfig */,
				A0CD9B6F508D6A4E395AF2C7 /* Pods-ProjectWaterBottleUITests.debug.xcconfig */,
				A84721137D70CA40550C4483 /* Pods-ProjectWaterBottleUITests.release.xcconfig */,
				6D93C8253CB3872879389304 /* Pods-WaterBottleCard.debug.xcconfig */,
				FA21E0555995B7E800470CBF /* Pods-WaterBottleCard.release.xcconfig */,
				34004747682BDF65AFB2E957 /* Pods-WaterBottleCardTests.debug.xcconfig */,
				7F644FE841467C7BED233C2B /* Pods-WaterBottleCardTests.release.xcconfig */,
				4E2DC5C6C670E585C74B9B31 /* Pods-WaterBottleExtension.debug.xcconfig */,
				B4A00CD862E02F218E497954 /* Pods-WaterBottleExtension.release.xcconfig */,
			);
			name = Pods;
			sourceTree = "<group>";
		};
		C90442DD1DA43AE900FFA32B /* Languages */ = {
			isa = PBXGroup;
			children = (
				C90442D91DA4369300FFA32B /* Word.swift */,
				C90442DB1DA4376B00FFA32B /* Japanese.swift */,
				C90442DF1DA43D1300FFA32B /* JapaneseWord.swift */,
			);
			name = Languages;
			sourceTree = "<group>";
		};
		C90442DE1DA43AF400FFA32B /* Card */ = {
			isa = PBXGroup;
			children = (
				C9987C611DA078D30087BB4C /* CardEditorViewController.swift */,
				C9987C631DA07BB30087BB4C /* CardModel.swift */,
			);
			name = Card;
			sourceTree = "<group>";
		};
		C94A596B1DC0535100695639 /* Products */ = {
			isa = PBXGroup;
			children = (
				C94A59701DC0535100695639 /* Jellybean.framework */,
				C94A59721DC0535100695639 /* JellybeanTests.xctest */,
			);
			name = Products;
			sourceTree = "<group>";
		};
		C94A59741DC0565C00695639 /* Constants */ = {
			isa = PBXGroup;
			children = (
				C98B7EE11DACA8B50041660C /* Secrets.swift */,
				C94A59761DC060A000695639 /* Constants.swift */,
			);
			name = Constants;
			sourceTree = "<group>";
		};
		C94A59751DC0566600695639 /* Supporting Files */ = {
			isa = PBXGroup;
			children = (
				C9987C6D1DA0B4570087BB4C /* WaterBottleCard.h */,
				C9987C6E1DA0B4570087BB4C /* Info.plist */,
			);
			name = "Supporting Files";
			sourceTree = "<group>";
		};
		C9987C311DA065300087BB4C /* WaterBottleExtension */ = {
			isa = PBXGroup;
			children = (
				C98B7EE01DACA7E90041660C /* WaterBottleExtension.entitlements */,
				C9987C321DA065300087BB4C /* ActionViewController.swift */,
				C9987C341DA065300087BB4C /* MainInterface.storyboard */,
				C9987C371DA065300087BB4C /* Info.plist */,
			);
			path = WaterBottleExtension;
			sourceTree = "<group>";
		};
		C9987C6C1DA0B4570087BB4C /* WaterBottleCard */ = {
			isa = PBXGroup;
			children = (
				C90442DE1DA43AF400FFA32B /* Card */,
				C90442DD1DA43AE900FFA32B /* Languages */,
				C94A59741DC0565C00695639 /* Constants */,
				C94A59751DC0566600695639 /* Supporting Files */,
			);
			path = WaterBottleCard;
			sourceTree = "<group>";
		};
		C9CFFEA61DA057E6005BBECC = {
			isa = PBXGroup;
			children = (
				C94A596A1DC0535100695639 /* Jellybean.xcodeproj */,
				C9CFFEB11DA057E6005BBECC /* ProjectWaterBottle */,
				C9987C311DA065300087BB4C /* WaterBottleExtension */,
				C9987C6C1DA0B4570087BB4C /* WaterBottleCard */,
				C9CFFEB01DA057E6005BBECC /* Products */,
				1BF1142786E5264C4D16C83D /* Pods */,
				1BAB8BC768E08AA3522E72BC /* Frameworks */,
			);
			sourceTree = "<group>";
		};
		C9CFFEB01DA057E6005BBECC /* Products */ = {
			isa = PBXGroup;
			children = (
				C9CFFEAF1DA057E6005BBECC /* ProjectWaterBottle.app */,
				C9987C301DA065300087BB4C /* WaterBottleExtension.appex */,
				C9987C6B1DA0B4570087BB4C /* WaterBottleCard.framework */,
			);
			name = Products;
			sourceTree = "<group>";
		};
		C9CFFEB11DA057E6005BBECC /* ProjectWaterBottle */ = {
			isa = PBXGroup;
			children = (
				C98B7EDF1DACA7C80041660C /* ProjectWaterBottle.entitlements */,
				C9CFFEB21DA057E6005BBECC /* AppDelegate.swift */,
				C9CFFEB41DA057E6005BBECC /* ViewController.swift */,
				C9CFFEB61DA057E6005BBECC /* Main.storyboard */,
				C9CFFEB91DA057E6005BBECC /* Assets.xcassets */,
				C9CFFEBB1DA057E6005BBECC /* LaunchScreen.storyboard */,
				C9CFFEBE1DA057E6005BBECC /* Info.plist */,
				C94A59791DC135B500695639 /* CardDataStore.swift */,
				C96C66191DC2EA8F005C086C /* Extensions.swift */,
			);
			path = ProjectWaterBottle;
			sourceTree = "<group>";
		};
/* End PBXGroup section */

/* Begin PBXHeadersBuildPhase section */
		C9987C681DA0B4570087BB4C /* Headers */ = {
			isa = PBXHeadersBuildPhase;
			buildActionMask = 2147483647;
			files = (
				C9987C7D1DA0B4570087BB4C /* WaterBottleCard.h in Headers */,
			);
			runOnlyForDeploymentPostprocessing = 0;
		};
/* End PBXHeadersBuildPhase section */

/* Begin PBXNativeTarget section */
		C9987C2F1DA065300087BB4C /* WaterBottleExtension */ = {
			isa = PBXNativeTarget;
			buildConfigurationList = C9987C3B1DA065300087BB4C /* Build configuration list for PBXNativeTarget "WaterBottleExtension" */;
			buildPhases = (
				39F61440DF5F4A42CA67924F /* [CP] Check Pods Manifest.lock */,
				C9987C2C1DA065300087BB4C /* Sources */,
				C9987C2D1DA065300087BB4C /* Frameworks */,
				C9987C2E1DA065300087BB4C /* Resources */,
				7FA9C4B9300FCF0FFE8A02B2 /* [CP] Embed Pods Frameworks */,
				644E44677928A254E409F8C2 /* [CP] Copy Pods Resources */,
			);
			buildRules = (
			);
			dependencies = (
			);
			name = WaterBottleExtension;
			productName = WaterBottleExtension;
			productReference = C9987C301DA065300087BB4C /* WaterBottleExtension.appex */;
			productType = "com.apple.product-type.app-extension";
		};
		C9987C6A1DA0B4570087BB4C /* WaterBottleCard */ = {
			isa = PBXNativeTarget;
			buildConfigurationList = C9987C821DA0B4570087BB4C /* Build configuration list for PBXNativeTarget "WaterBottleCard" */;
			buildPhases = (
				507C3569C3277ED80E9C2AB3 /* [CP] Check Pods Manifest.lock */,
				C9987C661DA0B4570087BB4C /* Sources */,
				C9987C671DA0B4570087BB4C /* Frameworks */,
				C9987C681DA0B4570087BB4C /* Headers */,
				C9987C691DA0B4570087BB4C /* Resources */,
				F19CAE2DF45A19D20E11025F /* [CP] Copy Pods Resources */,
			);
			buildRules = (
			);
			dependencies = (
			);
			name = WaterBottleCard;
			productName = WaterBottleCard;
			productReference = C9987C6B1DA0B4570087BB4C /* WaterBottleCard.framework */;
			productType = "com.apple.product-type.framework";
		};
		C9CFFEAE1DA057E6005BBECC /* ProjectWaterBottle */ = {
			isa = PBXNativeTarget;
			buildConfigurationList = C9CFFED71DA057E6005BBECC /* Build configuration list for PBXNativeTarget "ProjectWaterBottle" */;
			buildPhases = (
				7BEAD95A28A7CDDCDC9CE517 /* [CP] Check Pods Manifest.lock */,
				C9CFFEAB1DA057E6005BBECC /* Sources */,
				C9CFFEAC1DA057E6005BBECC /* Frameworks */,
				C9CFFEAD1DA057E6005BBECC /* Resources */,
				C9CFFEF21DA05CCF005BBECC /* Embed App Extensions */,
				C9987C5D1DA078520087BB4C /* Embed Frameworks */,
				F95E870404867FC9C87FD74B /* [CP] Embed Pods Frameworks */,
				38DFC4772D4D6C3B5E02ED8A /* [CP] Copy Pods Resources */,
			);
			buildRules = (
			);
			dependencies = (
				C9987C391DA065300087BB4C /* PBXTargetDependency */,
				C9987C7F1DA0B4570087BB4C /* PBXTargetDependency */,
				C9878B151DC439A50049633C /* PBXTargetDependency */,
			);
			name = ProjectWaterBottle;
			productName = ProjectWaterBottle;
			productReference = C9CFFEAF1DA057E6005BBECC /* ProjectWaterBottle.app */;
			productType = "com.apple.product-type.application";
		};
/* End PBXNativeTarget section */

/* Begin PBXProject section */
		C9CFFEA71DA057E6005BBECC /* Project object */ = {
			isa = PBXProject;
			attributes = {
				LastSwiftUpdateCheck = 0800;
				LastUpgradeCheck = 0810;
				ORGANIZATIONNAME = BuildThings;
				TargetAttributes = {
					C9987C2F1DA065300087BB4C = {
						CreatedOnToolsVersion = 8.0;
						DevelopmentTeam = VQXELCH5FM;
						ProvisioningStyle = Automatic;
						SystemCapabilities = {
							com.apple.ApplicationGroups.iOS = {
								enabled = 1;
							};
						};
					};
					C9987C6A1DA0B4570087BB4C = {
						CreatedOnToolsVersion = 8.0;
						DevelopmentTeam = VQXELCH5FM;
						ProvisioningStyle = Automatic;
					};
					C9CFFEAE1DA057E6005BBECC = {
						CreatedOnToolsVersion = 8.0;
						DevelopmentTeam = VQXELCH5FM;
						ProvisioningStyle = Automatic;
						SystemCapabilities = {
							com.apple.ApplicationGroups.iOS = {
								enabled = 1;
							};
						};
					};
				};
			};
			buildConfigurationList = C9CFFEAA1DA057E6005BBECC /* Build configuration list for PBXProject "ProjectWaterBottle" */;
			compatibilityVersion = "Xcode 3.2";
			developmentRegion = English;
			hasScannedForEncodings = 0;
			knownRegions = (
				en,
				Base,
			);
			mainGroup = C9CFFEA61DA057E6005BBECC;
			productRefGroup = C9CFFEB01DA057E6005BBECC /* Products */;
			projectDirPath = "";
			projectReferences = (
				{
					ProductGroup = C94A596B1DC0535100695639 /* Products */;
					ProjectRef = C94A596A1DC0535100695639 /* Jellybean.xcodeproj */;
				},
			);
			projectRoot = "";
			targets = (
				C9CFFEAE1DA057E6005BBECC /* ProjectWaterBottle */,
				C9987C2F1DA065300087BB4C /* WaterBottleExtension */,
				C9987C6A1DA0B4570087BB4C /* WaterBottleCard */,
			);
		};
/* End PBXProject section */

/* Begin PBXReferenceProxy section */
		C94A59701DC0535100695639 /* Jellybean.framework */ = {
			isa = PBXReferenceProxy;
			fileType = wrapper.framework;
			path = Jellybean.framework;
			remoteRef = C94A596F1DC0535100695639 /* PBXContainerItemProxy */;
			sourceTree = BUILT_PRODUCTS_DIR;
		};
		C94A59721DC0535100695639 /* JellybeanTests.xctest */ = {
			isa = PBXReferenceProxy;
			fileType = wrapper.cfbundle;
			path = JellybeanTests.xctest;
			remoteRef = C94A59711DC0535100695639 /* PBXContainerItemProxy */;
			sourceTree = BUILT_PRODUCTS_DIR;
		};
/* End PBXReferenceProxy section */

/* Begin PBXResourcesBuildPhase section */
		C9987C2E1DA065300087BB4C /* Resources */ = {
			isa = PBXResourcesBuildPhase;
			buildActionMask = 2147483647;
			files = (
				C9987C361DA065300087BB4C /* MainInterface.storyboard in Resources */,
			);
			runOnlyForDeploymentPostprocessing = 0;
		};
		C9987C691DA0B4570087BB4C /* Resources */ = {
			isa = PBXResourcesBuildPhase;
			buildActionMask = 2147483647;
			files = (
			);
			runOnlyForDeploymentPostprocessing = 0;
		};
		C9CFFEAD1DA057E6005BBECC /* Resources */ = {
			isa = PBXResourcesBuildPhase;
			buildActionMask = 2147483647;
			files = (
				C9CFFEBD1DA057E6005BBECC /* LaunchScreen.storyboard in Resources */,
				C9CFFEBA1DA057E6005BBECC /* Assets.xcassets in Resources */,
				C9CFFEB81DA057E6005BBECC /* Main.storyboard in Resources */,
			);
			runOnlyForDeploymentPostprocessing = 0;
		};
/* End PBXResourcesBuildPhase section */

/* Begin PBXShellScriptBuildPhase section */
		38DFC4772D4D6C3B5E02ED8A /* [CP] Copy Pods Resources */ = {
			isa = PBXShellScriptBuildPhase;
			buildActionMask = 2147483647;
			files = (
			);
			inputPaths = (
			);
			name = "[CP] Copy Pods Resources";
			outputPaths = (
			);
			runOnlyForDeploymentPostprocessing = 0;
			shellPath = /bin/sh;
			shellScript = "\"${SRCROOT}/Pods/Target Support Files/Pods-ProjectWaterBottle/Pods-ProjectWaterBottle-resources.sh\"\n";
			showEnvVarsInLog = 0;
		};
		39F61440DF5F4A42CA67924F /* [CP] Check Pods Manifest.lock */ = {
			isa = PBXShellScriptBuildPhase;
			buildActionMask = 2147483647;
			files = (
			);
			inputPaths = (
			);
			name = "[CP] Check Pods Manifest.lock";
			outputPaths = (
			);
			runOnlyForDeploymentPostprocessing = 0;
			shellPath = /bin/sh;
			shellScript = "diff \"${PODS_ROOT}/../Podfile.lock\" \"${PODS_ROOT}/Manifest.lock\" > /dev/null\nif [[ $? != 0 ]] ; then\n    cat << EOM\nerror: The sandbox is not in sync with the Podfile.lock. Run 'pod install' or update your CocoaPods installation.\nEOM\n    exit 1\nfi\n";
			showEnvVarsInLog = 0;
		};
		507C3569C3277ED80E9C2AB3 /* [CP] Check Pods Manifest.lock */ = {
			isa = PBXShellScriptBuildPhase;
			buildActionMask = 2147483647;
			files = (
			);
			inputPaths = (
			);
			name = "[CP] Check Pods Manifest.lock";
			outputPaths = (
			);
			runOnlyForDeploymentPostprocessing = 0;
			shellPath = /bin/sh;
			shellScript = "diff \"${PODS_ROOT}/../Podfile.lock\" \"${PODS_ROOT}/Manifest.lock\" > /dev/null\nif [[ $? != 0 ]] ; then\n    cat << EOM\nerror: The sandbox is not in sync with the Podfile.lock. Run 'pod install' or update your CocoaPods installation.\nEOM\n    exit 1\nfi\n";
			showEnvVarsInLog = 0;
		};
		644E44677928A254E409F8C2 /* [CP] Copy Pods Resources */ = {
			isa = PBXShellScriptBuildPhase;
			buildActionMask = 2147483647;
			files = (
			);
			inputPaths = (
			);
			name = "[CP] Copy Pods Resources";
			outputPaths = (
			);
			runOnlyForDeploymentPostprocessing = 0;
			shellPath = /bin/sh;
			shellScript = "\"${SRCROOT}/Pods/Target Support Files/Pods-WaterBottleExtension/Pods-WaterBottleExtension-resources.sh\"\n";
			showEnvVarsInLog = 0;
		};
		7BEAD95A28A7CDDCDC9CE517 /* [CP] Check Pods Manifest.lock */ = {
			isa = PBXShellScriptBuildPhase;
			buildActionMask = 2147483647;
			files = (
			);
			inputPaths = (
			);
			name = "[CP] Check Pods Manifest.lock";
			outputPaths = (
			);
			runOnlyForDeploymentPostprocessing = 0;
			shellPath = /bin/sh;
			shellScript = "diff \"${PODS_ROOT}/../Podfile.lock\" \"${PODS_ROOT}/Manifest.lock\" > /dev/null\nif [[ $? != 0 ]] ; then\n    cat << EOM\nerror: The sandbox is not in sync with the Podfile.lock. Run 'pod install' or update your CocoaPods installation.\nEOM\n    exit 1\nfi\n";
			showEnvVarsInLog = 0;
		};
		7FA9C4B9300FCF0FFE8A02B2 /* [CP] Embed Pods Frameworks */ = {
			isa = PBXShellScriptBuildPhase;
			buildActionMask = 2147483647;
			files = (
			);
			inputPaths = (
			);
			name = "[CP] Embed Pods Frameworks";
			outputPaths = (
			);
			runOnlyForDeploymentPostprocessing = 0;
			shellPath = /bin/sh;
			shellScript = "\"${SRCROOT}/Pods/Target Support Files/Pods-WaterBottleExtension/Pods-WaterBottleExtension-frameworks.sh\"\n";
			showEnvVarsInLog = 0;
		};
		F19CAE2DF45A19D20E11025F /* [CP] Copy Pods Resources */ = {
			isa = PBXShellScriptBuildPhase;
			buildActionMask = 2147483647;
			files = (
			);
			inputPaths = (
			);
			name = "[CP] Copy Pods Resources";
			outputPaths = (
			);
			runOnlyForDeploymentPostprocessing = 0;
			shellPath = /bin/sh;
			shellScript = "\"${SRCROOT}/Pods/Target Support Files/Pods-WaterBottleCard/Pods-WaterBottleCard-resources.sh\"\n";
			showEnvVarsInLog = 0;
		};
		F95E870404867FC9C87FD74B /* [CP] Embed Pods Frameworks */ = {
			isa = PBXShellScriptBuildPhase;
			buildActionMask = 2147483647;
			files = (
			);
			inputPaths = (
			);
			name = "[CP] Embed Pods Frameworks";
			outputPaths = (
			);
			runOnlyForDeploymentPostprocessing = 0;
			shellPath = /bin/sh;
			shellScript = "\"${SRCROOT}/Pods/Target Support Files/Pods-ProjectWaterBottle/Pods-ProjectWaterBottle-frameworks.sh\"\n";
			showEnvVarsInLog = 0;
		};
/* End PBXShellScriptBuildPhase section */

/* Begin PBXSourcesBuildPhase section */
		C9987C2C1DA065300087BB4C /* Sources */ = {
			isa = PBXSourcesBuildPhase;
			buildActionMask = 2147483647;
			files = (
				C9987C331DA065300087BB4C /* ActionViewController.swift in Sources */,
			);
			runOnlyForDeploymentPostprocessing = 0;
		};
		C9987C661DA0B4570087BB4C /* Sources */ = {
			isa = PBXSourcesBuildPhase;
			buildActionMask = 2147483647;
			files = (
				C90442DC1DA4376B00FFA32B /* Japanese.swift in Sources */,
				C98B7EE21DACA8B50041660C /* Secrets.swift in Sources */,
				C9B0C22C1DA0B6DE002019D2 /* CardEditorViewController.swift in Sources */,
				C9B0C22D1DA0B6E3002019D2 /* CardModel.swift in Sources */,
				C94A59771DC060A000695639 /* Constants.swift in Sources */,
				C90442DA1DA4369300FFA32B /* Word.swift in Sources */,
				C90442E01DA43D1300FFA32B /* JapaneseWord.swift in Sources */,
			);
			runOnlyForDeploymentPostprocessing = 0;
		};
		C9CFFEAB1DA057E6005BBECC /* Sources */ = {
			isa = PBXSourcesBuildPhase;
			buildActionMask = 2147483647;
			files = (
				C9CFFEB51DA057E6005BBECC /* ViewController.swift in Sources */,
				C94A597A1DC135B500695639 /* CardDataStore.swift in Sources */,
				C9CFFEB31DA057E6005BBECC /* AppDelegate.swift in Sources */,
				C96C661A1DC2EA8F005C086C /* Extensions.swift in Sources */,
			);
			runOnlyForDeploymentPostprocessing = 0;
		};
/* End PBXSourcesBuildPhase section */

/* Begin PBXTargetDependency section */
		C9878B151DC439A50049633C /* PBXTargetDependency */ = {
			isa = PBXTargetDependency;
			name = Jellybean;
			targetProxy = C9878B141DC439A50049633C /* PBXContainerItemProxy */;
		};
		C9987C391DA065300087BB4C /* PBXTargetDependency */ = {
			isa = PBXTargetDependency;
			target = C9987C2F1DA065300087BB4C /* WaterBottleExtension */;
			targetProxy = C9987C381DA065300087BB4C /* PBXContainerItemProxy */;
		};
		C9987C7F1DA0B4570087BB4C /* PBXTargetDependency */ = {
			isa = PBXTargetDependency;
			target = C9987C6A1DA0B4570087BB4C /* WaterBottleCard */;
			targetProxy = C9987C7E1DA0B4570087BB4C /* PBXContainerItemProxy */;
		};
/* End PBXTargetDependency section */

/* Begin PBXVariantGroup section */
		C9987C341DA065300087BB4C /* MainInterface.storyboard */ = {
			isa = PBXVariantGroup;
			children = (
				C9987C351DA065300087BB4C /* Base */,
			);
			name = MainInterface.storyboard;
			sourceTree = "<group>";
		};
		C9CFFEB61DA057E6005BBECC /* Main.storyboard */ = {
			isa = PBXVariantGroup;
			children = (
				C9CFFEB71DA057E6005BBECC /* Base */,
			);
			name = Main.storyboard;
			sourceTree = "<group>";
		};
		C9CFFEBB1DA057E6005BBECC /* LaunchScreen.storyboard */ = {
			isa = PBXVariantGroup;
			children = (
				C9CFFEBC1DA057E6005BBECC /* Base */,
			);
			name = LaunchScreen.storyboard;
			sourceTree = "<group>";
		};
/* End PBXVariantGroup section */

/* Begin XCBuildConfiguration section */
		C9987C3C1DA065300087BB4C /* Debug */ = {
			isa = XCBuildConfiguration;
			baseConfigurationReference = 4E2DC5C6C670E585C74B9B31 /* Pods-WaterBottleExtension.debug.xcconfig */;
			buildSettings = {
				CODE_SIGN_ENTITLEMENTS = WaterBottleExtension/WaterBottleExtension.entitlements;
				DEVELOPMENT_TEAM = VQXELCH5FM;
				INFOPLIST_FILE = WaterBottleExtension/Info.plist;
				LD_RUNPATH_SEARCH_PATHS = "$(inherited) @executable_path/Frameworks @executable_path/../../Frameworks";
				PRODUCT_BUNDLE_IDENTIFIER = com.BuildThings.ProjectWaterBottle.WaterBottleExtension;
				PRODUCT_NAME = "$(TARGET_NAME)";
				SKIP_INSTALL = YES;
				SWIFT_VERSION = 3.0;
			};
			name = Debug;
		};
		C9987C3D1DA065300087BB4C /* Release */ = {
			isa = XCBuildConfiguration;
			baseConfigurationReference = B4A00CD862E02F218E497954 /* Pods-WaterBottleExtension.release.xcconfig */;
			buildSettings = {
				CODE_SIGN_ENTITLEMENTS = WaterBottleExtension/WaterBottleExtension.entitlements;
				DEVELOPMENT_TEAM = VQXELCH5FM;
				INFOPLIST_FILE = WaterBottleExtension/Info.plist;
				LD_RUNPATH_SEARCH_PATHS = "$(inherited) @executable_path/Frameworks @executable_path/../../Frameworks";
				PRODUCT_BUNDLE_IDENTIFIER = com.BuildThings.ProjectWaterBottle.WaterBottleExtension;
				PRODUCT_NAME = "$(TARGET_NAME)";
				SKIP_INSTALL = YES;
				SWIFT_VERSION = 3.0;
			};
			name = Release;
		};
		C9987C831DA0B4570087BB4C /* Debug */ = {
			isa = XCBuildConfiguration;
			baseConfigurationReference = 6D93C8253CB3872879389304 /* Pods-WaterBottleCard.debug.xcconfig */;
			buildSettings = {
				ALWAYS_EMBED_SWIFT_STANDARD_LIBRARIES = YES;
				APPLICATION_EXTENSION_API_ONLY = YES;
				CODE_SIGN_IDENTITY = "";
				CURRENT_PROJECT_VERSION = 1;
				DEFINES_MODULE = YES;
				DEVELOPMENT_TEAM = VQXELCH5FM;
				DYLIB_COMPATIBILITY_VERSION = 1;
				DYLIB_CURRENT_VERSION = 1;
				DYLIB_INSTALL_NAME_BASE = "@rpath";
				FRAMEWORK_SEARCH_PATHS = (
					"$(inherited)",
					"$(PROJECT_DIR)",
					"$(PROJECT_DIR)/WaterBottleCard",
				);
				INFOPLIST_FILE = WaterBottleCard/Info.plist;
				INSTALL_PATH = "$(LOCAL_LIBRARY_DIR)/Frameworks";
				LD_RUNPATH_SEARCH_PATHS = "$(inherited) @executable_path/Frameworks @loader_path/Frameworks";
				PRODUCT_BUNDLE_IDENTIFIER = com.BuildThings.WaterBottleCard;
				PRODUCT_NAME = "$(TARGET_NAME)";
				SKIP_INSTALL = YES;
				SWIFT_VERSION = 3.0;
				VERSIONING_SYSTEM = "apple-generic";
				VERSION_INFO_PREFIX = "";
			};
			name = Debug;
		};
		C9987C841DA0B4570087BB4C /* Release */ = {
			isa = XCBuildConfiguration;
			baseConfigurationReference = FA21E0555995B7E800470CBF /* Pods-WaterBottleCard.release.xcconfig */;
			buildSettings = {
				ALWAYS_EMBED_SWIFT_STANDARD_LIBRARIES = YES;
				APPLICATION_EXTENSION_API_ONLY = YES;
				CODE_SIGN_IDENTITY = "";
				CURRENT_PROJECT_VERSION = 1;
				DEFINES_MODULE = YES;
				DEVELOPMENT_TEAM = VQXELCH5FM;
				DYLIB_COMPATIBILITY_VERSION = 1;
				DYLIB_CURRENT_VERSION = 1;
				DYLIB_INSTALL_NAME_BASE = "@rpath";
				FRAMEWORK_SEARCH_PATHS = (
					"$(inherited)",
					"$(PROJECT_DIR)",
					"$(PROJECT_DIR)/WaterBottleCard",
				);
				INFOPLIST_FILE = WaterBottleCard/Info.plist;
				INSTALL_PATH = "$(LOCAL_LIBRARY_DIR)/Frameworks";
				LD_RUNPATH_SEARCH_PATHS = "$(inherited) @executable_path/Frameworks @loader_path/Frameworks";
				PRODUCT_BUNDLE_IDENTIFIER = com.BuildThings.WaterBottleCard;
				PRODUCT_NAME = "$(TARGET_NAME)";
				SKIP_INSTALL = YES;
				SWIFT_VERSION = 3.0;
				VERSIONING_SYSTEM = "apple-generic";
				VERSION_INFO_PREFIX = "";
			};
			name = Release;
		};
		C9CFFED51DA057E6005BBECC /* Debug */ = {
			isa = XCBuildConfiguration;
			buildSettings = {
				ALWAYS_SEARCH_USER_PATHS = NO;
				CLANG_ANALYZER_NONNULL = YES;
				CLANG_CXX_LANGUAGE_STANDARD = "gnu++0x";
				CLANG_CXX_LIBRARY = "libc++";
				CLANG_ENABLE_MODULES = YES;
				CLANG_ENABLE_OBJC_ARC = YES;
				CLANG_WARN_BOOL_CONVERSION = YES;
				CLANG_WARN_CONSTANT_CONVERSION = YES;
				CLANG_WARN_DIRECT_OBJC_ISA_USAGE = YES_ERROR;
				CLANG_WARN_DOCUMENTATION_COMMENTS = YES;
				CLANG_WARN_EMPTY_BODY = YES;
				CLANG_WARN_ENUM_CONVERSION = YES;
				CLANG_WARN_INFINITE_RECURSION = YES;
				CLANG_WARN_INT_CONVERSION = YES;
				CLANG_WARN_OBJC_ROOT_CLASS = YES_ERROR;
				CLANG_WARN_SUSPICIOUS_MOVE = YES;
				CLANG_WARN_SUSPICIOUS_MOVES = YES;
				CLANG_WARN_UNREACHABLE_CODE = YES;
				CLANG_WARN__DUPLICATE_METHOD_MATCH = YES;
				"CODE_SIGN_IDENTITY[sdk=iphoneos*]" = "iPhone Developer";
				COPY_PHASE_STRIP = NO;
				DEBUG_INFORMATION_FORMAT = dwarf;
				ENABLE_STRICT_OBJC_MSGSEND = YES;
				ENABLE_TESTABILITY = YES;
				GCC_C_LANGUAGE_STANDARD = gnu99;
				GCC_DYNAMIC_NO_PIC = NO;
				GCC_NO_COMMON_BLOCKS = YES;
				GCC_OPTIMIZATION_LEVEL = 0;
				GCC_PREPROCESSOR_DEFINITIONS = (
					"DEBUG=1",
					"$(inherited)",
				);
				GCC_WARN_64_TO_32_BIT_CONVERSION = YES;
				GCC_WARN_ABOUT_RETURN_TYPE = YES_ERROR;
				GCC_WARN_UNDECLARED_SELECTOR = YES;
				GCC_WARN_UNINITIALIZED_AUTOS = YES_AGGRESSIVE;
				GCC_WARN_UNUSED_FUNCTION = YES;
				GCC_WARN_UNUSED_VARIABLE = YES;
				IPHONEOS_DEPLOYMENT_TARGET = 10.0;
				MTL_ENABLE_DEBUG_INFO = YES;
				ONLY_ACTIVE_ARCH = YES;
				SDKROOT = iphoneos;
				SWIFT_ACTIVE_COMPILATION_CONDITIONS = DEBUG;
				SWIFT_OPTIMIZATION_LEVEL = "-Onone";
				TARGETED_DEVICE_FAMILY = "1,2";
			};
			name = Debug;
		};
		C9CFFED61DA057E6005BBECC /* Release */ = {
			isa = XCBuildConfiguration;
			buildSettings = {
				ALWAYS_SEARCH_USER_PATHS = NO;
				CLANG_ANALYZER_NONNULL = YES;
				CLANG_CXX_LANGUAGE_STANDARD = "gnu++0x";
				CLANG_CXX_LIBRARY = "libc++";
				CLANG_ENABLE_MODULES = YES;
				CLANG_ENABLE_OBJC_ARC = YES;
				CLANG_WARN_BOOL_CONVERSION = YES;
				CLANG_WARN_CONSTANT_CONVERSION = YES;
				CLANG_WARN_DIRECT_OBJC_ISA_USAGE = YES_ERROR;
				CLANG_WARN_DOCUMENTATION_COMMENTS = YES;
				CLANG_WARN_EMPTY_BODY = YES;
				CLANG_WARN_ENUM_CONVERSION = YES;
				CLANG_WARN_INFINITE_RECURSION = YES;
				CLANG_WARN_INT_CONVERSION = YES;
				CLANG_WARN_OBJC_ROOT_CLASS = YES_ERROR;
				CLANG_WARN_SUSPICIOUS_MOVE = YES;
				CLANG_WARN_SUSPICIOUS_MOVES = YES;
				CLANG_WARN_UNREACHABLE_CODE = YES;
				CLANG_WARN__DUPLICATE_METHOD_MATCH = YES;
				"CODE_SIGN_IDENTITY[sdk=iphoneos*]" = "iPhone Developer";
				COPY_PHASE_STRIP = NO;
				DEBUG_INFORMATION_FORMAT = "dwarf-with-dsym";
				ENABLE_NS_ASSERTIONS = NO;
				ENABLE_STRICT_OBJC_MSGSEND = YES;
				GCC_C_LANGUAGE_STANDARD = gnu99;
				GCC_NO_COMMON_BLOCKS = YES;
				GCC_WARN_64_TO_32_BIT_CONVERSION = YES;
				GCC_WARN_ABOUT_RETURN_TYPE = YES_ERROR;
				GCC_WARN_UNDECLARED_SELECTOR = YES;
				GCC_WARN_UNINITIALIZED_AUTOS = YES_AGGRESSIVE;
				GCC_WARN_UNUSED_FUNCTION = YES;
				GCC_WARN_UNUSED_VARIABLE = YES;
				IPHONEOS_DEPLOYMENT_TARGET = 10.0;
				MTL_ENABLE_DEBUG_INFO = NO;
				SDKROOT = iphoneos;
				SWIFT_OPTIMIZATION_LEVEL = "-Owholemodule";
				TARGETED_DEVICE_FAMILY = "1,2";
				VALIDATE_PRODUCT = YES;
			};
			name = Release;
		};
		C9CFFED81DA057E6005BBECC /* Debug */ = {
			isa = XCBuildConfiguration;
			baseConfigurationReference = 637F396FD9440923A714A865 /* Pods-ProjectWaterBottle.debug.xcconfig */;
			buildSettings = {
				ALWAYS_EMBED_SWIFT_STANDARD_LIBRARIES = YES;
				ASSETCATALOG_COMPILER_APPICON_NAME = AppIcon;
				CODE_SIGN_ENTITLEMENTS = ProjectWaterBottle/ProjectWaterBottle.entitlements;
				DEVELOPMENT_TEAM = VQXELCH5FM;
				FRAMEWORK_SEARCH_PATHS = (
					"$(inherited)",
					"$(PROJECT_DIR)/WaterBottleCard",
				);
				INFOPLIST_FILE = ProjectWaterBottle/Info.plist;
				LD_RUNPATH_SEARCH_PATHS = "$(inherited) @executable_path/Frameworks";
				PRODUCT_BUNDLE_IDENTIFIER = com.BuildThings.ProjectWaterBottle;
				PRODUCT_NAME = "$(TARGET_NAME)";
				SWIFT_VERSION = 3.0;
			};
			name = Debug;
		};
		C9CFFED91DA057E6005BBECC /* Release */ = {
			isa = XCBuildConfiguration;
			baseConfigurationReference = 778F11632739C07C9F22764A /* Pods-ProjectWaterBottle.release.xcconfig */;
			buildSettings = {
				ALWAYS_EMBED_SWIFT_STANDARD_LIBRARIES = YES;
				ASSETCATALOG_COMPILER_APPICON_NAME = AppIcon;
				CODE_SIGN_ENTITLEMENTS = ProjectWaterBottle/ProjectWaterBottle.entitlements;
				DEVELOPMENT_TEAM = VQXELCH5FM;
				FRAMEWORK_SEARCH_PATHS = (
					"$(inherited)",
					"$(PROJECT_DIR)/WaterBottleCard",
				);
				INFOPLIST_FILE = ProjectWaterBottle/Info.plist;
				LD_RUNPATH_SEARCH_PATHS = "$(inherited) @executable_path/Frameworks";
				PRODUCT_BUNDLE_IDENTIFIER = com.BuildThings.ProjectWaterBottle;
				PRODUCT_NAME = "$(TARGET_NAME)";
				SWIFT_VERSION = 3.0;
			};
			name = Release;
		};
/* End XCBuildConfiguration section */

/* Begin XCConfigurationList section */
		C9987C3B1DA065300087BB4C /* Build configuration list for PBXNativeTarget "WaterBottleExtension" */ = {
			isa = XCConfigurationList;
			buildConfigurations = (
				C9987C3C1DA065300087BB4C /* Debug */,
				C9987C3D1DA065300087BB4C /* Release */,
			);
			defaultConfigurationIsVisible = 0;
			defaultConfigurationName = Release;
		};
		C9987C821DA0B4570087BB4C /* Build configuration list for PBXNativeTarget "WaterBottleCard" */ = {
			isa = XCConfigurationList;
			buildConfigurations = (
				C9987C831DA0B4570087BB4C /* Debug */,
				C9987C841DA0B4570087BB4C /* Release */,
			);
			defaultConfigurationIsVisible = 0;
			defaultConfigurationName = Release;
		};
		C9CFFEAA1DA057E6005BBECC /* Build configuration list for PBXProject "ProjectWaterBottle" */ = {
			isa = XCConfigurationList;
			buildConfigurations = (
				C9CFFED51DA057E6005BBECC /* Debug */,
				C9CFFED61DA057E6005BBECC /* Release */,
			);
			defaultConfigurationIsVisible = 0;
			defaultConfigurationName = Release;
		};
		C9CFFED71DA057E6005BBECC /* Build configuration list for PBXNativeTarget "ProjectWaterBottle" */ = {
			isa = XCConfigurationList;
			buildConfigurations = (
				C9CFFED81DA057E6005BBECC /* Debug */,
				C9CFFED91DA057E6005BBECC /* Release */,
			);
			defaultConfigurationIsVisible = 0;
			defaultConfigurationName = Release;
		};
/* End XCConfigurationList section */
	};
	rootObject = C9CFFEA71DA057E6005BBECC /* Project object */;
}
